
Microsoft Visual Studio Solution File, Format Version 12.00
# Visual Studio Version 17
VisualStudioVersion = 17.13.35931.197
MinimumVisualStudioVersion = 10.0.40219.1
Project("{FAE04EC0-301F-11D3-BF4B-00C04F79EFBC}") = "LodgingApp", "LodgingApp\LodgingApp.csproj", "{32722A33-2E0C-432C-86C1-1060E6ED6E2D}"
EndProject
Global
	GlobalSection(SolutionConfigurationPlatforms) = preSolution
		Debug|Any CPU = Debug|Any CPU
		Release|Any CPU = Release|Any CPU
	EndGlobalSection
	GlobalSection(ProjectConfigurationPlatforms) = postSolution
		{32722A33-2E0C-432C-86C1-1060E6ED6E2D}.Debug|Any CPU.ActiveCfg = Debug|Any CPU
		{32722A33-2E0C-432C-86C1-1060E6ED6E2D}.Debug|Any CPU.Build.0 = Debug|Any CPU
		{32722A33-2E0C-432C-86C1-1060E6ED6E2D}.Release|Any CPU.ActiveCfg = Release|Any CPU
		{32722A33-2E0C-432C-86C1-1060E6ED6E2D}.Release|Any CPU.Build.0 = Release|Any CPU
	EndGlobalSection
	GlobalSection(SolutionProperties) = preSolution
		HideSolutionNode = FALSE
	EndGlobalSection
	GlobalSection(ExtensibilityGlobals) = postSolution
		SolutionGuid = {96245692-4E32-4397-8CDE-67EC96B4FBA0}
	EndGlobalSection
EndGlobal
